
Microsoft Visual Studio Solution File, Format Version 12.00
# Visual Studio Version 16
VisualStudioVersion = 16.0.30002.166
MinimumVisualStudioVersion = 10.0.40219.1
Project("{FAE04EC0-301F-11D3-BF4B-00C04F79EFBC}") = "Hime", "Hime\Hime.csproj", "{FFBB4487-4EB2-4C02-A6A0-C96260D0256C}"
EndProject
Project("{FAE04EC0-301F-11D3-BF4B-00C04F79EFBC}") = "SampleApp", "SampleApp\SampleApp.csproj", "{66DF1C3A-7DBE-4FB2-8DD1-258F2191236C}"
EndProject
Global
	GlobalSection(SolutionConfigurationPlatforms) = preSolution
		Debug|Any CPU = Debug|Any CPU
		Release|Any CPU = Release|Any CPU
	EndGlobalSection
	GlobalSection(ProjectConfigurationPlatforms) = postSolution
		{FFBB4487-4EB2-4C02-A6A0-C96260D0256C}.Debug|Any CPU.ActiveCfg = Debug|Any CPU
		{FFBB4487-4EB2-4C02-A6A0-C96260D0256C}.Debug|Any CPU.Build.0 = Debug|Any CPU
		{FFBB4487-4EB2-4C02-A6A0-C96260D0256C}.Release|Any CPU.ActiveCfg = Release|Any CPU
		{FFBB4487-4EB2-4C02-A6A0-C96260D0256C}.Release|Any CPU.Build.0 = Release|Any CPU
		{66DF1C3A-7DBE-4FB2-8DD1-258F2191236C}.Debug|Any CPU.ActiveCfg = Debug|Any CPU
		{66DF1C3A-7DBE-4FB2-8DD1-258F2191236C}.Debug|Any CPU.Build.0 = Debug|Any CPU
		{66DF1C3A-7DBE-4FB2-8DD1-258F2191236C}.Release|Any CPU.ActiveCfg = Release|Any CPU
		{66DF1C3A-7DBE-4FB2-8DD1-258F2191236C}.Release|Any CPU.Build.0 = Release|Any CPU
	EndGlobalSection
	GlobalSection(SolutionProperties) = preSolution
		HideSolutionNode = FALSE
	EndGlobalSection
	GlobalSection(ExtensibilityGlobals) = postSolution
		SolutionGuid = {AA17FB55-8FA2-499E-9596-36E4437CB8AA}
	EndGlobalSection
EndGlobal
